Microsoft Visual Studio Solution File, Format Version 12.00
# Visual Studio Version 17
VisualStudioVersion = 17.5.2.0
MinimumVisualStudioVersion = 10.0.40219.1
Project("{2150E333-8FDC-42A3-9474-1A3956D46DE8}") = "csharp", "csharp", "{B41BF331-FCCB-2ADF-CDB6-767964B34647}"
EndProject
Project("{FAE04EC0-301F-11D3-BF4B-00C04F79EFBC}") = "ExcelSimple", "csharp\excel-simple\ExcelSimple.csproj", "{62FD3E49-8683-92B2-90FF-FE3F61294D5A}"
EndProject
Project("{FAE04EC0-301F-11D3-BF4B-00C04F79EFBC}") = "HelloWorld", "csharp\hello-world\HelloWorld.csproj", "{D281681B-D083-1BD3-A09A-E9B30424FBA6}"
EndProject
Project("{FAE04EC0-301F-11D3-BF4B-00C04F79EFBC}") = "NewsAggregator", "csharp\news-aggregator\NewsAggregator.csproj", "{A2890FA8-418E-17B4-F2EE-40C31D21FFFD}"
EndProject
Global
	GlobalSection(SolutionConfigurationPlatforms) = preSolution
		Debug|Any CPU = Debug|Any CPU
		Release|Any CPU = Release|Any CPU
	EndGlobalSection
	GlobalSection(ProjectConfigurationPlatforms) = postSolution
		{62FD3E49-8683-92B2-90FF-FE3F61294D5A}.Debug|Any CPU.ActiveCfg = Debug|Any CPU
		{62FD3E49-8683-92B2-90FF-FE3F61294D5A}.Debug|Any CPU.Build.0 = Debug|Any CPU
		{62FD3E49-8683-92B2-90FF-FE3F61294D5A}.Release|Any CPU.ActiveCfg = Release|Any CPU
		{62FD3E49-8683-92B2-90FF-FE3F61294D5A}.Release|Any CPU.Build.0 = Release|Any CPU
		{D281681B-D083-1BD3-A09A-E9B30424FBA6}.Debug|Any CPU.ActiveCfg = Debug|Any CPU
		{D281681B-D083-1BD3-A09A-E9B30424FBA6}.Debug|Any CPU.Build.0 = Debug|Any CPU
		{D281681B-D083-1BD3-A09A-E9B30424FBA6}.Release|Any CPU.ActiveCfg = Release|Any CPU
		{D281681B-D083-1BD3-A09A-E9B30424FBA6}.Release|Any CPU.Build.0 = Release|Any CPU
		{A2890FA8-418E-17B4-F2EE-40C31D21FFFD}.Debug|Any CPU.ActiveCfg = Debug|Any CPU
		{A2890FA8-418E-17B4-F2EE-40C31D21FFFD}.Debug|Any CPU.Build.0 = Debug|Any CPU
		{A2890FA8-418E-17B4-F2EE-40C31D21FFFD}.Release|Any CPU.ActiveCfg = Release|Any CPU
		{A2890FA8-418E-17B4-F2EE-40C31D21FFFD}.Release|Any CPU.Build.0 = Release|Any CPU
	EndGlobalSection
	GlobalSection(SolutionProperties) = preSolution
		HideSolutionNode = FALSE
	EndGlobalSection
	GlobalSection(NestedProjects) = preSolution
		{62FD3E49-8683-92B2-90FF-FE3F61294D5A} = {B41BF331-FCCB-2ADF-CDB6-767964B34647}
		{D281681B-D083-1BD3-A09A-E9B30424FBA6} = {B41BF331-FCCB-2ADF-CDB6-767964B34647}
		{A2890FA8-418E-17B4-F2EE-40C31D21FFFD} = {B41BF331-FCCB-2ADF-CDB6-767964B34647}
	EndGlobalSection
	GlobalSection(ExtensibilityGlobals) = postSolution
		SolutionGuid = {6A0A933F-7A75-4D93-A63B-32BB78933169}
	EndGlobalSection
EndGlobal
